
Microsoft Visual Studio Solution File, Format Version 12.00
# Visual Studio Version 17
VisualStudioVersion = 17.7.34031.279
MinimumVisualStudioVersion = 10.0.40219.1
Project("{FAE04EC0-301F-11D3-BF4B-00C04F79EFBC}") = "WelcomeHomeWebAPI", "WelcomeHome\WelcomeHomeWebAPI.csproj", "{568DDA8D-884E-4740-9C21-95DBA0845538}"
EndProject
Project("{FAE04EC0-301F-11D3-BF4B-00C04F79EFBC}") = "WelcomeHomeTests", "WelcomeHomeTests\WelcomeHomeTests.csproj", "{A1B5992F-1148-4221-82CA-448794C4588A}"
EndProject
Project("{FAE04EC0-301F-11D3-BF4B-00C04F79EFBC}") = "WelcomeHomeModels", "WelcomeHomeModels\WelcomeHomeModels.csproj", "{EB04D49C-474E-4904-B329-1CDD6DF40461}"
EndProject
Global
	GlobalSection(SolutionConfigurationPlatforms) = preSolution
		Debug|Any CPU = Debug|Any CPU
		Release|Any CPU = Release|Any CPU
	EndGlobalSection
	GlobalSection(ProjectConfigurationPlatforms) = postSolution
		{568DDA8D-884E-4740-9C21-95DBA0845538}.Debug|Any CPU.ActiveCfg = Debug|Any CPU
		{568DDA8D-884E-4740-9C21-95DBA0845538}.Debug|Any CPU.Build.0 = Debug|Any CPU
		{568DDA8D-884E-4740-9C21-95DBA0845538}.Release|Any CPU.ActiveCfg = Release|Any CPU
		{568DDA8D-884E-4740-9C21-95DBA0845538}.Release|Any CPU.Build.0 = Release|Any CPU
		{A1B5992F-1148-4221-82CA-448794C4588A}.Debug|Any CPU.ActiveCfg = Debug|Any CPU
		{A1B5992F-1148-4221-82CA-448794C4588A}.Debug|Any CPU.Build.0 = Debug|Any CPU
		{A1B5992F-1148-4221-82CA-448794C4588A}.Release|Any CPU.ActiveCfg = Release|Any CPU
		{A1B5992F-1148-4221-82CA-448794C4588A}.Release|Any CPU.Build.0 = Release|Any CPU
		{EB04D49C-474E-4904-B329-1CDD6DF40461}.Debug|Any CPU.ActiveCfg = Debug|Any CPU
		{EB04D49C-474E-4904-B329-1CDD6DF40461}.Debug|Any CPU.Build.0 = Debug|Any CPU
		{EB04D49C-474E-4904-B329-1CDD6DF40461}.Release|Any CPU.ActiveCfg = Release|Any CPU
		{EB04D49C-474E-4904-B329-1CDD6DF40461}.Release|Any CPU.Build.0 = Release|Any CPU
	EndGlobalSection
	GlobalSection(SolutionProperties) = preSolution
		HideSolutionNode = FALSE
	EndGlobalSection
	GlobalSection(ExtensibilityGlobals) = postSolution
		SolutionGuid = {718BF6BB-738A-4FCC-9540-4E29730A1C6A}
	EndGlobalSection
EndGlobal
